lockfileVersion: '9.0'

settings:
  autoInstallPeers: true
  excludeLinksFromLockfile: false

importers:

  .:
    dependencies:
      html-entities:
        specifier: 2.6.0
        version: 2.6.0
      wtf-plugin-classify:
        specifier: 2.1.0
        version: 2.1.0(wtf_wikipedia@10.4.2)
      wtf-plugin-html:
        specifier: 1.0.0
        version: 1.0.0(wtf_wikipedia@10.4.2)
      wtf-plugin-i18n:
        specifier: 1.0.2
        version: 1.0.2(wtf_wikipedia@10.4.2)
      wtf-plugin-markdown:
        specifier: 1.0.1
        version: 1.0.1(wtf_wikipedia@10.4.2)
      wtf-plugin-summary:
        specifier: 1.0.0
        version: 1.0.0(wtf_wikipedia@10.4.2)
      wtf_wikipedia:
        specifier: 10.4.2
        version: 10.4.2

packages:

  compromise@14.0.0:
    resolution: {integrity: sha512-//uDMAfHPKygivhYG1+6kSaugS0FbuUWVuwCAtI8FR2AQVa6AWNbOBph/Qzx2to1anRoYvmN1VG2lN8VN6hTOg==}
    engines: {node: '>=12.0.0'}

  efrt@2.5.0:
    resolution: {integrity: sha512-V/tJRLSD3sbd1hOw2TVvMLeQnLZeH9STMoUg649M6Zufb9Xabho+nkORxORu1SiCX5hh4e7yhRbcwAUIdXwLOQ==}

  grad-school@0.0.4:
    resolution: {integrity: sha512-wIaLSmqqMNiNJGMUq45jokvb+pTW0xe52k1+iY5aQgGNVM9xf1OpWuIDqHxxSqlRf/nqt0D/NIpj61+2z87q+g==}
    engines: {node: '>=8.0.0'}

  html-entities@2.6.0:
    resolution: {integrity: sha512-kig+rMn/QOVRvr7c86gQ8lWXq+Hkv6CbAH1hLu+RG338StTpE8Z0b44SDVaqVu7HGKf27frdmUYEs9hTUX/cLQ==}

  isomorphic-unfetch@3.1.0:
    resolution: {integrity: sha512-geDJjpoZ8N0kWexiwkX8F9NkTsXhetLPVbZFQ+JTW239QNOwvB0gniuR1Wc6f0AMTn7/mFGyXvHTifrCp/GH8Q==}

  node-fetch@2.7.0:
    resolution: {integrity: sha512-c4FRfUm/dbcWZ7U+1Wq0AwCyFL+3nt2bEw05wfxSz+DWpWsitgmSgYmy2dQdWyKC1694ELPqMs/YzUSNozLt8A==}
    engines: {node: 4.x || >=6.0.0}
    peerDependencies:
      encoding: ^0.1.0
    peerDependenciesMeta:
      encoding:
        optional: true

  suffix-thumb@4.0.2:
    resolution: {integrity: sha512-CCvCAr7JyeQoO+/lyq3P2foZI/xJz5kpG3L6kg2CaOf9K2/gaM9ixy/JTuRwjEK38l306zE7vl3JoOZYmLQLlA==}

  tr46@0.0.3:
    resolution: {integrity: sha512-N3WMsuqV66lT30CrXNbEjx4GEwlow3v6rr4mCcv6prnfwhS01rkgyFdjPNBYd9br7LpXV1+Emh01fHnq2Gdgrw==}

  unfetch@4.2.0:
    resolution: {integrity: sha512-F9p7yYCn6cIW9El1zi0HI6vqpeIvBsr3dSuRO6Xuppb1u5rXpCPmMvLSyECLhybr9isec8Ohl0hPekMVrEinDA==}

  webidl-conversions@3.0.1:
    resolution: {integrity: sha512-2JAn3z8AR6rjK8Sm8orRC0h/bcl/DqL7tRPdGZ4I1CjdF+EaMLmYxBHyXuKL849eucPFhvBoxMsflfOb8kxaeQ==}

  whatwg-url@5.0.0:
    resolution: {integrity: sha512-saE57nupxk6v3HY35+jzBwYa0rKSy0XR8JSxZPwgLr7ys0IBzhGviA1/TUGJLmSVqs8pb9AnvICXEuOHLprYTw==}

  wtf-plugin-classify@2.1.0:
    resolution: {integrity: sha512-lRiqitC+E7cFID4Oats3Z51P8KPncsuknXN752Mtz5v8+PM2tA7DzdFX2EEean4FczUtqQEQdE3IjgfSJx9MNg==}
    peerDependencies:
      wtf_wikipedia: '>=9.0.0'

  wtf-plugin-html@1.0.0:
    resolution: {integrity: sha512-xY13s6cTE5q150R6vKI2AlUIQg3Ppyc3bRWJC6mmEGjjn07mYOthGIRJmlZIAcGV9PB4T7O1CRllVwB51THcGA==}
    peerDependencies:
      wtf_wikipedia: '>=9.0.0'

  wtf-plugin-i18n@1.0.2:
    resolution: {integrity: sha512-9Aw7ehYqOkSMzXK+FIeyN7Kth7gMi1DtjxqeOmbkZ6SPErTzFgk+ywD7R2Er5WhBQCV1byK8QDCvRGXJlnaPCA==}
    peerDependencies:
      wtf_wikipedia: '>=9.0.0'

  wtf-plugin-markdown@1.0.1:
    resolution: {integrity: sha512-OheTSY2DV0T1KcNedFCiq6BsxqNprdbKKzFPaOli29Frc6k+CUuExeGYLxYelKcpeJJYrPzPReq+CCKhYBSXPQ==}
    peerDependencies:
      wtf_wikipedia: '>=9.0.0'

  wtf-plugin-summary@1.0.0:
    resolution: {integrity: sha512-R8VtfZ2Aup/vmhAOXfNYyU17cSxqSghTNA6O6ffk5S0v7pow9JJSIshV0rJQVB2ETiyyJJ/vKlbdCEn+HStXbQ==}
    peerDependencies:
      wtf_wikipedia: '>=9.0.0'

  wtf_wikipedia@10.4.2:
    resolution: {integrity: sha512-rM56k0bSYNUbq0X9C3lsgkK96qgOUTix7NXwiga+dzGHdOH/+U/Mxe+P4lIYSCWf2lfdLOJ+5S7ZmcmntrEC3A==}
    engines: {node: '>=12.0.0'}
    hasBin: true

snapshots:

  compromise@14.0.0:
    dependencies:
      efrt: 2.5.0
      grad-school: 0.0.4
      suffix-thumb: 4.0.2

  efrt@2.5.0: {}

  grad-school@0.0.4: {}

  html-entities@2.6.0: {}

  isomorphic-unfetch@3.1.0:
    dependencies:
      node-fetch: 2.7.0
      unfetch: 4.2.0
    transitivePeerDependencies:
      - encoding

  node-fetch@2.7.0:
    dependencies:
      whatwg-url: 5.0.0

  suffix-thumb@4.0.2: {}

  tr46@0.0.3: {}

  unfetch@4.2.0: {}

  webidl-conversions@3.0.1: {}

  whatwg-url@5.0.0:
    dependencies:
      tr46: 0.0.3
      webidl-conversions: 3.0.1

  wtf-plugin-classify@2.1.0(wtf_wikipedia@10.4.2):
    dependencies:
      wtf_wikipedia: 10.4.2

  wtf-plugin-html@1.0.0(wtf_wikipedia@10.4.2):
    dependencies:
      wtf_wikipedia: 10.4.2

  wtf-plugin-i18n@1.0.2(wtf_wikipedia@10.4.2):
    dependencies:
      wtf_wikipedia: 10.4.2

  wtf-plugin-markdown@1.0.1(wtf_wikipedia@10.4.2):
    dependencies:
      wtf_wikipedia: 10.4.2

  wtf-plugin-summary@1.0.0(wtf_wikipedia@10.4.2):
    dependencies:
      compromise: 14.0.0
      wtf_wikipedia: 10.4.2

  wtf_wikipedia@10.4.2:
    dependencies:
      isomorphic-unfetch: 3.1.0
    transitivePeerDependencies:
      - encoding
